
Microsoft Visual Studio Solution File, Format Version 12.00
# Visual Studio 2012
Project("{FAE04EC0-301F-11D3-BF4B-00C04F79EFBC}") = "WifiParisComplete.Droid", "Droid\WifiParisComplete.Droid.csproj", "{B7252BDE-B9FD-46E8-AFE3-1893D94B52BE}"
EndProject
Project("{FAE04EC0-301F-11D3-BF4B-00C04F79EFBC}") = "WifiParisComplete.iOS", "iOS\WifiParisComplete.iOS.csproj", "{6BD2437D-A8FB-4DEB-AE4F-D34437CAAF0E}"
EndProject
Project("{2150E333-8FDC-42A3-9474-1A3956D46DE8}") = "Shared", "Shared", "{CB6B5EF7-2333-440B-9752-13AC8EA1FC8E}"
EndProject
Project("{FAE04EC0-301F-11D3-BF4B-00C04F79EFBC}") = "WifiParisComplete", "Shared\WifiParisComplete\WifiParisComplete.csproj", "{98A5EBE7-5BB4-43EC-A2A1-AEF925CA6BF2}"
EndProject
Project("{FAE04EC0-301F-11D3-BF4B-00C04F79EFBC}") = "WifiParisComplete.Data", "Shared\WifiParisComplete.Data\WifiParisComplete.Data.csproj", "{FC6C68B0-9495-486A-9EB3-79C02EA5F14B}"
EndProject
Project("{FAE04EC0-301F-11D3-BF4B-00C04F79EFBC}") = "WifiParisComplete.Domain", "Shared\WifiParisComplete.Domain\WifiParisComplete.Domain.csproj", "{9619B956-4A2E-4C64-A387-D7944370AD8A}"
EndProject
Project("{FAE04EC0-301F-11D3-BF4B-00C04F79EFBC}") = "WifiParisComplete.SQLite", "Shared\WifiParisComplete.SQLite\WifiParisComplete.SQLite.csproj", "{D6AA1A6D-3285-4FD4-9E86-075922416E93}"
EndProject
Global
	GlobalSection(SolutionConfigurationPlatforms) = preSolution
		Debug|Any CPU = Debug|Any CPU
		Release|Any CPU = Release|Any CPU
		Debug|iPhoneSimulator = Debug|iPhoneSimulator
		Release|iPhone = Release|iPhone
		Release|iPhoneSimulator = Release|iPhoneSimulator
		Debug|iPhone = Debug|iPhone
	EndGlobalSection
	GlobalSection(ProjectConfigurationPlatforms) = postSolution
		{B7252BDE-B9FD-46E8-AFE3-1893D94B52BE}.Debug|Any CPU.ActiveCfg = Debug|Any CPU
		{B7252BDE-B9FD-46E8-AFE3-1893D94B52BE}.Debug|Any CPU.Build.0 = Debug|Any CPU
		{B7252BDE-B9FD-46E8-AFE3-1893D94B52BE}.Release|Any CPU.ActiveCfg = Release|Any CPU
		{B7252BDE-B9FD-46E8-AFE3-1893D94B52BE}.Release|Any CPU.Build.0 = Release|Any CPU
		{B7252BDE-B9FD-46E8-AFE3-1893D94B52BE}.Debug|iPhoneSimulator.ActiveCfg = Debug|Any CPU
		{B7252BDE-B9FD-46E8-AFE3-1893D94B52BE}.Debug|iPhoneSimulator.Build.0 = Debug|Any CPU
		{B7252BDE-B9FD-46E8-AFE3-1893D94B52BE}.Release|iPhone.ActiveCfg = Release|Any CPU
		{B7252BDE-B9FD-46E8-AFE3-1893D94B52BE}.Release|iPhone.Build.0 = Release|Any CPU
		{B7252BDE-B9FD-46E8-AFE3-1893D94B52BE}.Release|iPhoneSimulator.ActiveCfg = Release|Any CPU
		{B7252BDE-B9FD-46E8-AFE3-1893D94B52BE}.Release|iPhoneSimulator.Build.0 = Release|Any CPU
		{B7252BDE-B9FD-46E8-AFE3-1893D94B52BE}.Debug|iPhone.ActiveCfg = Debug|Any CPU
		{B7252BDE-B9FD-46E8-AFE3-1893D94B52BE}.Debug|iPhone.Build.0 = Debug|Any CPU
		{6BD2437D-A8FB-4DEB-AE4F-D34437CAAF0E}.Debug|Any CPU.ActiveCfg = Debug|iPhoneSimulator
		{6BD2437D-A8FB-4DEB-AE4F-D34437CAAF0E}.Debug|Any CPU.Build.0 = Debug|iPhoneSimulator
		{6BD2437D-A8FB-4DEB-AE4F-D34437CAAF0E}.Release|Any CPU.ActiveCfg = Release|iPhone
		{6BD2437D-A8FB-4DEB-AE4F-D34437CAAF0E}.Release|Any CPU.Build.0 = Release|iPhone
		{6BD2437D-A8FB-4DEB-AE4F-D34437CAAF0E}.Debug|iPhoneSimulator.ActiveCfg = Debug|iPhoneSimulator
		{6BD2437D-A8FB-4DEB-AE4F-D34437CAAF0E}.Debug|iPhoneSimulator.Build.0 = Debug|iPhoneSimulator
		{6BD2437D-A8FB-4DEB-AE4F-D34437CAAF0E}.Release|iPhone.ActiveCfg = Release|iPhone
		{6BD2437D-A8FB-4DEB-AE4F-D34437CAAF0E}.Release|iPhone.Build.0 = Release|iPhone
		{6BD2437D-A8FB-4DEB-AE4F-D34437CAAF0E}.Release|iPhoneSimulator.ActiveCfg = Release|iPhoneSimulator
		{6BD2437D-A8FB-4DEB-AE4F-D34437CAAF0E}.Release|iPhoneSimulator.Build.0 = Release|iPhoneSimulator
		{6BD2437D-A8FB-4DEB-AE4F-D34437CAAF0E}.Debug|iPhone.ActiveCfg = Debug|iPhone
		{6BD2437D-A8FB-4DEB-AE4F-D34437CAAF0E}.Debug|iPhone.Build.0 = Debug|iPhone
		{98A5EBE7-5BB4-43EC-A2A1-AEF925CA6BF2}.Debug|Any CPU.ActiveCfg = Debug|Any CPU
		{98A5EBE7-5BB4-43EC-A2A1-AEF925CA6BF2}.Debug|Any CPU.Build.0 = Debug|Any CPU
		{98A5EBE7-5BB4-43EC-A2A1-AEF925CA6BF2}.Release|Any CPU.ActiveCfg = Release|Any CPU
		{98A5EBE7-5BB4-43EC-A2A1-AEF925CA6BF2}.Release|Any CPU.Build.0 = Release|Any CPU
		{98A5EBE7-5BB4-43EC-A2A1-AEF925CA6BF2}.Debug|iPhoneSimulator.ActiveCfg = Debug|Any CPU
		{98A5EBE7-5BB4-43EC-A2A1-AEF925CA6BF2}.Debug|iPhoneSimulator.Build.0 = Debug|Any CPU
		{98A5EBE7-5BB4-43EC-A2A1-AEF925CA6BF2}.Release|iPhone.ActiveCfg = Release|Any CPU
		{98A5EBE7-5BB4-43EC-A2A1-AEF925CA6BF2}.Release|iPhone.Build.0 = Release|Any CPU
		{98A5EBE7-5BB4-43EC-A2A1-AEF925CA6BF2}.Release|iPhoneSimulator.ActiveCfg = Release|Any CPU
		{98A5EBE7-5BB4-43EC-A2A1-AEF925CA6BF2}.Release|iPhoneSimulator.Build.0 = Release|Any CPU
		{98A5EBE7-5BB4-43EC-A2A1-AEF925CA6BF2}.Debug|iPhone.ActiveCfg = Debug|Any CPU
		{98A5EBE7-5BB4-43EC-A2A1-AEF925CA6BF2}.Debug|iPhone.Build.0 = Debug|Any CPU
		{FC6C68B0-9495-486A-9EB3-79C02EA5F14B}.Debug|Any CPU.ActiveCfg = Debug|Any CPU
		{FC6C68B0-9495-486A-9EB3-79C02EA5F14B}.Debug|Any CPU.Build.0 = Debug|Any CPU
		{FC6C68B0-9495-486A-9EB3-79C02EA5F14B}.Release|Any CPU.ActiveCfg = Release|Any CPU
		{FC6C68B0-9495-486A-9EB3-79C02EA5F14B}.Release|Any CPU.Build.0 = Release|Any CPU
		{FC6C68B0-9495-486A-9EB3-79C02EA5F14B}.Debug|iPhoneSimulator.ActiveCfg = Debug|Any CPU
		{FC6C68B0-9495-486A-9EB3-79C02EA5F14B}.Debug|iPhoneSimulator.Build.0 = Debug|Any CPU
		{FC6C68B0-9495-486A-9EB3-79C02EA5F14B}.Release|iPhone.ActiveCfg = Release|Any CPU
		{FC6C68B0-9495-486A-9EB3-79C02EA5F14B}.Release|iPhone.Build.0 = Release|Any CPU
		{FC6C68B0-9495-486A-9EB3-79C02EA5F14B}.Release|iPhoneSimulator.ActiveCfg = Release|Any CPU
		{FC6C68B0-9495-486A-9EB3-79C02EA5F14B}.Release|iPhoneSimulator.Build.0 = Release|Any CPU
		{FC6C68B0-9495-486A-9EB3-79C02EA5F14B}.Debug|iPhone.ActiveCfg = Debug|Any CPU
		{FC6C68B0-9495-486A-9EB3-79C02EA5F14B}.Debug|iPhone.Build.0 = Debug|Any CPU
		{9619B956-4A2E-4C64-A387-D7944370AD8A}.Debug|Any CPU.ActiveCfg = Debug|Any CPU
		{9619B956-4A2E-4C64-A387-D7944370AD8A}.Debug|Any CPU.Build.0 = Debug|Any CPU
		{9619B956-4A2E-4C64-A387-D7944370AD8A}.Release|Any CPU.ActiveCfg = Release|Any CPU
		{9619B956-4A2E-4C64-A387-D7944370AD8A}.Release|Any CPU.Build.0 = Release|Any CPU
		{9619B956-4A2E-4C64-A387-D7944370AD8A}.Debug|iPhoneSimulator.ActiveCfg = Debug|Any CPU
		{9619B956-4A2E-4C64-A387-D7944370AD8A}.Debug|iPhoneSimulator.Build.0 = Debug|Any CPU
		{9619B956-4A2E-4C64-A387-D7944370AD8A}.Release|iPhone.ActiveCfg = Release|Any CPU
		{9619B956-4A2E-4C64-A387-D7944370AD8A}.Release|iPhone.Build.0 = Release|Any CPU
		{9619B956-4A2E-4C64-A387-D7944370AD8A}.Release|iPhoneSimulator.ActiveCfg = Release|Any CPU
		{9619B956-4A2E-4C64-A387-D7944370AD8A}.Release|iPhoneSimulator.Build.0 = Release|Any CPU
		{9619B956-4A2E-4C64-A387-D7944370AD8A}.Debug|iPhone.ActiveCfg = Debug|Any CPU
		{9619B956-4A2E-4C64-A387-D7944370AD8A}.Debug|iPhone.Build.0 = Debug|Any CPU
		{D6AA1A6D-3285-4FD4-9E86-075922416E93}.Debug|Any CPU.ActiveCfg = Debug|Any CPU
		{D6AA1A6D-3285-4FD4-9E86-075922416E93}.Debug|Any CPU.Build.0 = Debug|Any CPU
		{D6AA1A6D-3285-4FD4-9E86-075922416E93}.Release|Any CPU.ActiveCfg = Release|Any CPU
		{D6AA1A6D-3285-4FD4-9E86-075922416E93}.Release|Any CPU.Build.0 = Release|Any CPU
		{D6AA1A6D-3285-4FD4-9E86-075922416E93}.Debug|iPhoneSimulator.ActiveCfg = Debug|Any CPU
		{D6AA1A6D-3285-4FD4-9E86-075922416E93}.Debug|iPhoneSimulator.Build.0 = Debug|Any CPU
		{D6AA1A6D-3285-4FD4-9E86-075922416E93}.Release|iPhone.ActiveCfg = Release|Any CPU
		{D6AA1A6D-3285-4FD4-9E86-075922416E93}.Release|iPhone.Build.0 = Release|Any CPU
		{D6AA1A6D-3285-4FD4-9E86-075922416E93}.Release|iPhoneSimulator.ActiveCfg = Release|Any CPU
		{D6AA1A6D-3285-4FD4-9E86-075922416E93}.Release|iPhoneSimulator.Build.0 = Release|Any CPU
		{D6AA1A6D-3285-4FD4-9E86-075922416E93}.Debug|iPhone.ActiveCfg = Debug|Any CPU
		{D6AA1A6D-3285-4FD4-9E86-075922416E93}.Debug|iPhone.Build.0 = Debug|Any CPU
	EndGlobalSection
	GlobalSection(NestedProjects) = preSolution
		{98A5EBE7-5BB4-43EC-A2A1-AEF925CA6BF2} = {CB6B5EF7-2333-440B-9752-13AC8EA1FC8E}
		{FC6C68B0-9495-486A-9EB3-79C02EA5F14B} = {CB6B5EF7-2333-440B-9752-13AC8EA1FC8E}
		{9619B956-4A2E-4C64-A387-D7944370AD8A} = {CB6B5EF7-2333-440B-9752-13AC8EA1FC8E}
		{D6AA1A6D-3285-4FD4-9E86-075922416E93} = {CB6B5EF7-2333-440B-9752-13AC8EA1FC8E}
	EndGlobalSection
EndGlobal
