
Microsoft Visual Studio Solution File, Format Version 12.00
# Visual Studio 2012
Project("{FAE04EC0-301F-11D3-BF4B-00C04F79EFBC}") = "WifiParis.iOS", "WifiParis.iOS\WifiParis.iOS.csproj", "{D4930848-F023-414B-AB9B-999D8DD70CA8}"
EndProject
Project("{2150E333-8FDC-42A3-9474-1A3956D46DE8}") = "Shared", "Shared", "{43878B49-1440-4011-9C15-B6695570B4BD}"
EndProject
Project("{D954291E-2A0B-460D-934E-DC6B0785DB48}") = "WifiParis.Setup", "WifiParis.Setup\WifiParis.Setup.shproj", "{D7B4C05C-2F9E-4673-835B-5DB540093884}"
EndProject
Project("{FAE04EC0-301F-11D3-BF4B-00C04F79EFBC}") = "WifiParis.Data", "Shared\WifiParis.Data\WifiParis.Data.csproj", "{567C06DE-B444-4247-8B9E-F1373EE88AE7}"
EndProject
Project("{FAE04EC0-301F-11D3-BF4B-00C04F79EFBC}") = "WifiParis.Domain", "Shared\WifiParis.Domain\WifiParis.Domain.csproj", "{92B40525-0355-4F19-972F-BD99C1308405}"
EndProject
Project("{FAE04EC0-301F-11D3-BF4B-00C04F79EFBC}") = "WifiParis.Sqlite", "Shared\WifiParis.Sqlite\WifiParis.Sqlite.csproj", "{01092F86-AF58-4D07-9448-DCB024512EFF}"
EndProject
Project("{FAE04EC0-301F-11D3-BF4B-00C04F79EFBC}") = "WifiParis.Droid", "WifiParis.Droid\WifiParis.Droid.csproj", "{CEAFBFD6-73E3-4FD7-B150-276735647C86}"
EndProject
Global
	GlobalSection(SolutionConfigurationPlatforms) = preSolution
		Debug|iPhoneSimulator = Debug|iPhoneSimulator
		Release|iPhone = Release|iPhone
		Release|iPhoneSimulator = Release|iPhoneSimulator
		Debug|iPhone = Debug|iPhone
	EndGlobalSection
	GlobalSection(ProjectConfigurationPlatforms) = postSolution
		{D4930848-F023-414B-AB9B-999D8DD70CA8}.Debug|iPhoneSimulator.ActiveCfg = Debug|iPhoneSimulator
		{D4930848-F023-414B-AB9B-999D8DD70CA8}.Debug|iPhoneSimulator.Build.0 = Debug|iPhoneSimulator
		{D4930848-F023-414B-AB9B-999D8DD70CA8}.Release|iPhone.ActiveCfg = Release|iPhone
		{D4930848-F023-414B-AB9B-999D8DD70CA8}.Release|iPhone.Build.0 = Release|iPhone
		{D4930848-F023-414B-AB9B-999D8DD70CA8}.Release|iPhoneSimulator.ActiveCfg = Release|iPhoneSimulator
		{D4930848-F023-414B-AB9B-999D8DD70CA8}.Release|iPhoneSimulator.Build.0 = Release|iPhoneSimulator
		{D4930848-F023-414B-AB9B-999D8DD70CA8}.Debug|iPhone.ActiveCfg = Debug|iPhone
		{D4930848-F023-414B-AB9B-999D8DD70CA8}.Debug|iPhone.Build.0 = Debug|iPhone
		{567C06DE-B444-4247-8B9E-F1373EE88AE7}.Debug|iPhoneSimulator.ActiveCfg = Debug|Any CPU
		{567C06DE-B444-4247-8B9E-F1373EE88AE7}.Debug|iPhoneSimulator.Build.0 = Debug|Any CPU
		{567C06DE-B444-4247-8B9E-F1373EE88AE7}.Release|iPhone.ActiveCfg = Release|Any CPU
		{567C06DE-B444-4247-8B9E-F1373EE88AE7}.Release|iPhone.Build.0 = Release|Any CPU
		{567C06DE-B444-4247-8B9E-F1373EE88AE7}.Release|iPhoneSimulator.ActiveCfg = Release|Any CPU
		{567C06DE-B444-4247-8B9E-F1373EE88AE7}.Release|iPhoneSimulator.Build.0 = Release|Any CPU
		{567C06DE-B444-4247-8B9E-F1373EE88AE7}.Debug|iPhone.ActiveCfg = Debug|Any CPU
		{567C06DE-B444-4247-8B9E-F1373EE88AE7}.Debug|iPhone.Build.0 = Debug|Any CPU
		{92B40525-0355-4F19-972F-BD99C1308405}.Debug|iPhoneSimulator.ActiveCfg = Debug|Any CPU
		{92B40525-0355-4F19-972F-BD99C1308405}.Debug|iPhoneSimulator.Build.0 = Debug|Any CPU
		{92B40525-0355-4F19-972F-BD99C1308405}.Release|iPhone.ActiveCfg = Release|Any CPU
		{92B40525-0355-4F19-972F-BD99C1308405}.Release|iPhone.Build.0 = Release|Any CPU
		{92B40525-0355-4F19-972F-BD99C1308405}.Release|iPhoneSimulator.ActiveCfg = Release|Any CPU
		{92B40525-0355-4F19-972F-BD99C1308405}.Release|iPhoneSimulator.Build.0 = Release|Any CPU
		{92B40525-0355-4F19-972F-BD99C1308405}.Debug|iPhone.ActiveCfg = Debug|Any CPU
		{92B40525-0355-4F19-972F-BD99C1308405}.Debug|iPhone.Build.0 = Debug|Any CPU
		{01092F86-AF58-4D07-9448-DCB024512EFF}.Debug|iPhoneSimulator.ActiveCfg = Debug|Any CPU
		{01092F86-AF58-4D07-9448-DCB024512EFF}.Debug|iPhoneSimulator.Build.0 = Debug|Any CPU
		{01092F86-AF58-4D07-9448-DCB024512EFF}.Release|iPhone.ActiveCfg = Release|Any CPU
		{01092F86-AF58-4D07-9448-DCB024512EFF}.Release|iPhone.Build.0 = Release|Any CPU
		{01092F86-AF58-4D07-9448-DCB024512EFF}.Release|iPhoneSimulator.ActiveCfg = Release|Any CPU
		{01092F86-AF58-4D07-9448-DCB024512EFF}.Release|iPhoneSimulator.Build.0 = Release|Any CPU
		{01092F86-AF58-4D07-9448-DCB024512EFF}.Debug|iPhone.ActiveCfg = Debug|Any CPU
		{01092F86-AF58-4D07-9448-DCB024512EFF}.Debug|iPhone.Build.0 = Debug|Any CPU
		{CEAFBFD6-73E3-4FD7-B150-276735647C86}.Debug|iPhoneSimulator.ActiveCfg = Debug|Any CPU
		{CEAFBFD6-73E3-4FD7-B150-276735647C86}.Debug|iPhoneSimulator.Build.0 = Debug|Any CPU
		{CEAFBFD6-73E3-4FD7-B150-276735647C86}.Release|iPhone.ActiveCfg = Release|Any CPU
		{CEAFBFD6-73E3-4FD7-B150-276735647C86}.Release|iPhone.Build.0 = Release|Any CPU
		{CEAFBFD6-73E3-4FD7-B150-276735647C86}.Release|iPhoneSimulator.ActiveCfg = Release|Any CPU
		{CEAFBFD6-73E3-4FD7-B150-276735647C86}.Release|iPhoneSimulator.Build.0 = Release|Any CPU
		{CEAFBFD6-73E3-4FD7-B150-276735647C86}.Debug|iPhone.ActiveCfg = Debug|Any CPU
		{CEAFBFD6-73E3-4FD7-B150-276735647C86}.Debug|iPhone.Build.0 = Debug|Any CPU
	EndGlobalSection
	GlobalSection(NestedProjects) = preSolution
		{567C06DE-B444-4247-8B9E-F1373EE88AE7} = {43878B49-1440-4011-9C15-B6695570B4BD}
		{92B40525-0355-4F19-972F-BD99C1308405} = {43878B49-1440-4011-9C15-B6695570B4BD}
		{01092F86-AF58-4D07-9448-DCB024512EFF} = {43878B49-1440-4011-9C15-B6695570B4BD}
	EndGlobalSection
EndGlobal
